PODS:
  - DifferenceKit (1.1.5):
    - DifferenceKit/Core (= 1.1.5)
    - DifferenceKit/UIKitExtension (= 1.1.5)
  - DifferenceKit/Core (1.1.5)
  - DifferenceKit/UIKitExtension (1.1.5):
    - DifferenceKit/Core
  - SKListKit (0.1.0):
    - DifferenceKit
    - Texture/Core (~> 2.8)
  - Texture/Core (2.8.1)

DEPENDENCIES:
  - SKListKit (from `../`)

SPEC REPOS:
  trunk:
    - DifferenceKit
    - Texture

EXTERNAL SOURCES:
  SKListKit:
    :path: "../"

SPEC CHECKSUMS:
  DifferenceKit: 516f12e336ed65a3a0665847b5c3cb5cad4bd4ea
  SKListKit: 4a75086a253286fb3ef2877d9cf38a32d7575322
  Texture: 8ecf6984065a1e54f06bf97b349ecca28582acd7

PODFILE CHECKSUM: 701f50051261278495af1e96ee8fae6b1401851a

COCOAPODS: 1.9.1
